
Microsoft Visual Studio Solution File, Format Version 12.00
# Visual Studio Version 16
VisualStudioVersion = 16.0.29418.71
MinimumVisualStudioVersion = 10.0.40219.1
Project("{FAE04EC0-301F-11D3-BF4B-00C04F79EFBC}") = "Assignment 1", "Assignment 1.csproj", "{CA14CF11-ADDB-47F7-AC63-0F3BF90F1B8E}"
EndProject
Global
	GlobalSection(SolutionConfigurationPlatforms) = preSolution
		Debug|Any CPU = Debug|Any CPU
		Release|Any CPU = Release|Any CPU
	EndGlobalSection
	GlobalSection(ProjectConfigurationPlatforms) = postSolution
		{CA14CF11-ADDB-47F7-AC63-0F3BF90F1B8E}.Debug|Any CPU.ActiveCfg = Debug|Any CPU
		{CA14CF11-ADDB-47F7-AC63-0F3BF90F1B8E}.Debug|Any CPU.Build.0 = Debug|Any CPU
		{CA14CF11-ADDB-47F7-AC63-0F3BF90F1B8E}.Release|Any CPU.ActiveCfg = Release|Any CPU
		{CA14CF11-ADDB-47F7-AC63-0F3BF90F1B8E}.Release|Any CPU.Build.0 = Release|Any CPU
	EndGlobalSection
	GlobalSection(SolutionProperties) = preSolution
		HideSolutionNode = FALSE
	EndGlobalSection
	GlobalSection(ExtensibilityGlobals) = postSolution
		SolutionGuid = {72BB80A7-2AB0-47CD-983E-68AAA3A353B0}
	EndGlobalSection
EndGlobal
